
Microsoft Visual Studio Solution File, Format Version 12.00
# Visual Studio Version 17
VisualStudioVersion = 17.8.34322.80
MinimumVisualStudioVersion = 10.0.40219.1
Project("{FAE04EC0-301F-11D3-BF4B-00C04F79EFBC}") = "IntroCsAndGameOfLife", "IntroCsAndGameOfLife\IntroCsAndGameOfLife.csproj", "{7A5784D1-CED0-4B4A-9C7D-1252C1D73A45}"
EndProject
Global
	GlobalSection(SolutionConfigurationPlatforms) = preSolution
		Debug|Any CPU = Debug|Any CPU
		Release|Any CPU = Release|Any CPU
	EndGlobalSection
	GlobalSection(ProjectConfigurationPlatforms) = postSolution
		{7A5784D1-CED0-4B4A-9C7D-1252C1D73A45}.Debug|Any CPU.ActiveCfg = Debug|Any CPU
		{7A5784D1-CED0-4B4A-9C7D-1252C1D73A45}.Debug|Any CPU.Build.0 = Debug|Any CPU
		{7A5784D1-CED0-4B4A-9C7D-1252C1D73A45}.Release|Any CPU.ActiveCfg = Release|Any CPU
		{7A5784D1-CED0-4B4A-9C7D-1252C1D73A45}.Release|Any CPU.Build.0 = Release|Any CPU
	EndGlobalSection
	GlobalSection(SolutionProperties) = preSolution
		HideSolutionNode = FALSE
	EndGlobalSection
	GlobalSection(ExtensibilityGlobals) = postSolution
		SolutionGuid = {7FEA9427-FB93-43B6-A6CB-B12D006BDB4B}
	EndGlobalSection
EndGlobal
